<?xml version="1.0" encoding="utf-8"?>
<Project ToolsVersion="4.0" xmlns="http://schemas.microsoft.com/developer/msbuild/2003">
  <ItemGroup>
    <Filter Include="Source Files">
      <UniqueIdentifier>{4FC737F1-C7A5-4376-A066-2A32D752A2FF}</UniqueIdentifier>
      <Extensions>cpp;c;cc;cxx;c++;cppm;ixx;def;odl;idl;hpj;bat;asm;asmx</Extensions>
    </Filter>
    <Filter Include="Header Files">
      <UniqueIdentifier>{93995380-89BD-4b04-88EB-625FBE52EBFB}</UniqueIdentifier>
      <Extensions>h;hh;hpp;hxx;h++;hm;inl;inc;ipp;xsd</Extensions>
    </Filter>
    <Filter Include="Header Files\GFX">
      <UniqueIdentifier>{b70ce57b-23e1-4f02-9b12-665d4b242595}</UniqueIdentifier>
    </Filter>
    <Filter Include="Header Files\TERRAIN">
      <UniqueIdentifier>{ffda9671-faca-46b5-8cb9-933f11e4d616}</UniqueIdentifier>
    </Filter>
    <Filter Include="Source Files\TERRAIN">
      <UniqueIdentifier>{c2c5272b-98bd-41bb-b8bc-b8fa361059cf}</UniqueIdentifier>
    </Filter>
    <Filter Include="Header Files\ENTITY">
      <UniqueIdentifier>{9a7b22fd-bd34-4781-87bc-6438da212f68}</UniqueIdentifier>
    </Filter>
    <Filter Include="Source Files\ENTITY">
      <UniqueIdentifier>{f5ca7726-d6f4-40b9-9e74-94567b08805f}</UniqueIdentifier>
    </Filter>
    <Filter Include="Source Files\GFX">
      <UniqueIdentifier>{aa77b196-418c-4356-baa0-8dc81e236c75}</UniqueIdentifier>
    </Filter>
  </ItemGroup>
  <ItemGroup>
    <ClCompile Include="Main.cpp">
      <Filter>Source Files</Filter>
    </ClCompile>
    <ClCompile Include="VBO.cpp">
      <Filter>Source Files\GFX</Filter>
    </ClCompile>
    <ClCompile Include="ShaderClass.cpp">
      <Filter>Source Files\GFX</Filter>
    </ClCompile>
    <ClCompile Include="stb.cpp">
      <Filter>Source Files\GFX</Filter>
    </ClCompile>
    <ClCompile Include="Texture.cpp">
      <Filter>Source Files\GFX</Filter>
    </ClCompile>
    <ClCompile Include="VAO.cpp">
      <Filter>Source Files\GFX</Filter>
    </ClCompile>
    <ClCompile Include="Mesh.cpp">
      <Filter>Source Files\GFX</Filter>
    </ClCompile>
    <ClCompile Include="EBO.cpp">
      <Filter>Source Files\GFX</Filter>
    </ClCompile>
    <ClCompile Include="glad.c">
      <Filter>Source Files\GFX</Filter>
    </ClCompile>
    <ClCompile Include="Renderer.cpp">
      <Filter>Source Files\GFX</Filter>
    </ClCompile>
    <ClCompile Include="Chunk.cpp">
      <Filter>Source Files\TERRAIN</Filter>
    </ClCompile>
    <ClCompile Include="Camera.cpp">
      <Filter>Source Files\ENTITY</Filter>
    </ClCompile>
    <ClCompile Include="Entity.cpp">
      <Filter>Source Files\ENTITY</Filter>
    </ClCompile>
    <ClCompile Include="World.cpp">
      <Filter>Source Files\TERRAIN</Filter>
    </ClCompile>
  </ItemGroup>
  <ItemGroup>
    <ClInclude Include="EBO.h">
      <Filter>Header Files\GFX</Filter>
    </ClInclude>
    <ClInclude Include="Mesh.h">
      <Filter>Header Files\GFX</Filter>
    </ClInclude>
    <ClInclude Include="ShaderClass.h">
      <Filter>Header Files\GFX</Filter>
    </ClInclude>
    <ClInclude Include="Texture.h">
      <Filter>Header Files\GFX</Filter>
    </ClInclude>
    <ClInclude Include="VAO.h">
      <Filter>Header Files\GFX</Filter>
    </ClInclude>
    <ClInclude Include="VBO.h">
      <Filter>Header Files\GFX</Filter>
    </ClInclude>
    <ClInclude Include="Renderer.h">
      <Filter>Header Files\GFX</Filter>
    </ClInclude>
    <ClInclude Include="Chunk.h">
      <Filter>Header Files\TERRAIN</Filter>
    </ClInclude>
    <ClInclude Include="Main.h">
      <Filter>Header Files</Filter>
    </ClInclude>
    <ClInclude Include="Global.h">
      <Filter>Header Files</Filter>
    </ClInclude>
    <ClInclude Include="Camera.h">
      <Filter>Header Files\ENTITY</Filter>
    </ClInclude>
    <ClInclude Include="Player.h">
      <Filter>Header Files\ENTITY</Filter>
    </ClInclude>
    <ClInclude Include="Entity.h">
      <Filter>Header Files\ENTITY</Filter>
    </ClInclude>
    <ClInclude Include="World.h">
      <Filter>Header Files\TERRAIN</Filter>
    </ClInclude>
  </ItemGroup>
</Project>